
Microsoft Visual Studio Solution File, Format Version 12.00
# Visual Studio Version 17
VisualStudioVersion = 17.11.35312.102
MinimumVisualStudioVersion = 10.0.40219.1
Project("{9A19103F-16F7-4668-BE54-9A1E7A4F7556}") = "AuthenticationServer", "AuthenticationServer\AuthenticationServer\AuthenticationServer.csproj", "{529CA6BB-5A7B-4F30-B38D-FA47451A5839}"
EndProject
Project("{9A19103F-16F7-4668-BE54-9A1E7A4F7556}") = "ResourceServer", "ResourceServer\ResourceServer\ResourceServer.csproj", "{2C7C60A5-C534-45AA-AA2F-9D83605432C5}"
EndProject
Project("{9A19103F-16F7-4668-BE54-9A1E7A4F7556}") = "SharedModels", "SharedModels\SharedModels\SharedModels.csproj", "{574ECAA7-A7E4-4C86-9883-F5F83D7BD2F7}"
EndProject
Global
	GlobalSection(SolutionConfigurationPlatforms) = preSolution
		Debug|Any CPU = Debug|Any CPU
		Release|Any CPU = Release|Any CPU
	EndGlobalSection
	GlobalSection(ProjectConfigurationPlatforms) = postSolution
		{529CA6BB-5A7B-4F30-B38D-FA47451A5839}.Debug|Any CPU.ActiveCfg = Debug|Any CPU
		{529CA6BB-5A7B-4F30-B38D-FA47451A5839}.Debug|Any CPU.Build.0 = Debug|Any CPU
		{529CA6BB-5A7B-4F30-B38D-FA47451A5839}.Release|Any CPU.ActiveCfg = Release|Any CPU
		{529CA6BB-5A7B-4F30-B38D-FA47451A5839}.Release|Any CPU.Build.0 = Release|Any CPU
		{2C7C60A5-C534-45AA-AA2F-9D83605432C5}.Debug|Any CPU.ActiveCfg = Debug|Any CPU
		{2C7C60A5-C534-45AA-AA2F-9D83605432C5}.Debug|Any CPU.Build.0 = Debug|Any CPU
		{2C7C60A5-C534-45AA-AA2F-9D83605432C5}.Release|Any CPU.ActiveCfg = Release|Any CPU
		{2C7C60A5-C534-45AA-AA2F-9D83605432C5}.Release|Any CPU.Build.0 = Release|Any CPU
		{574ECAA7-A7E4-4C86-9883-F5F83D7BD2F7}.Debug|Any CPU.ActiveCfg = Debug|Any CPU
		{574ECAA7-A7E4-4C86-9883-F5F83D7BD2F7}.Debug|Any CPU.Build.0 = Debug|Any CPU
		{574ECAA7-A7E4-4C86-9883-F5F83D7BD2F7}.Release|Any CPU.ActiveCfg = Release|Any CPU
		{574ECAA7-A7E4-4C86-9883-F5F83D7BD2F7}.Release|Any CPU.Build.0 = Release|Any CPU
	EndGlobalSection
	GlobalSection(SolutionProperties) = preSolution
		HideSolutionNode = FALSE
	EndGlobalSection
	GlobalSection(ExtensibilityGlobals) = postSolution
		SolutionGuid = {68B5D728-A08B-47E5-9075-FF365E23C45F}
	EndGlobalSection
EndGlobal
